
Microsoft Visual Studio Solution File, Format Version 12.00
# Visual Studio Version 17
VisualStudioVersion = 17.12.35707.178
MinimumVisualStudioVersion = 10.0.40219.1
Project("{FAE04EC0-301F-11D3-BF4B-00C04F79EFBC}") = "KBMGrpcService", "KBMGrpcService\KBMGrpcService.csproj", "{11AA8C18-0A4C-40E8-9162-A470DC8AA3B6}"
EndProject
Project("{FAE04EC0-301F-11D3-BF4B-00C04F79EFBC}") = "KBMHttpService", "KBMHttpService\KBMHttpService.csproj", "{29320AFE-622A-4CFD-8098-B333F8C027EF}"
EndProject
Project("{2150E333-8FDC-42A3-9474-1A3956D46DE8}") = "Solution Items", "Solution Items", "{6542FCEC-2D5F-44A0-BD73-900AE4EE60F6}"
EndProject
Project("{E53339B2-1760-4266-BCC7-CA923CBCF16C}") = "docker-compose", "docker-compose\docker-compose.dcproj", "{8D6A0080-8ED2-4F91-9686-1621AA447B7C}"
EndProject
Global
	GlobalSection(SolutionConfigurationPlatforms) = preSolution
		Debug|Any CPU = Debug|Any CPU
		Release|Any CPU = Release|Any CPU
	EndGlobalSection
	GlobalSection(ProjectConfigurationPlatforms) = postSolution
		{11AA8C18-0A4C-40E8-9162-A470DC8AA3B6}.Debug|Any CPU.ActiveCfg = Debug|Any CPU
		{11AA8C18-0A4C-40E8-9162-A470DC8AA3B6}.Debug|Any CPU.Build.0 = Debug|Any CPU
		{11AA8C18-0A4C-40E8-9162-A470DC8AA3B6}.Release|Any CPU.ActiveCfg = Release|Any CPU
		{11AA8C18-0A4C-40E8-9162-A470DC8AA3B6}.Release|Any CPU.Build.0 = Release|Any CPU
		{29320AFE-622A-4CFD-8098-B333F8C027EF}.Debug|Any CPU.ActiveCfg = Debug|Any CPU
		{29320AFE-622A-4CFD-8098-B333F8C027EF}.Debug|Any CPU.Build.0 = Debug|Any CPU
		{29320AFE-622A-4CFD-8098-B333F8C027EF}.Release|Any CPU.ActiveCfg = Release|Any CPU
		{29320AFE-622A-4CFD-8098-B333F8C027EF}.Release|Any CPU.Build.0 = Release|Any CPU
		{8D6A0080-8ED2-4F91-9686-1621AA447B7C}.Debug|Any CPU.ActiveCfg = Debug|Any CPU
		{8D6A0080-8ED2-4F91-9686-1621AA447B7C}.Debug|Any CPU.Build.0 = Debug|Any CPU
		{8D6A0080-8ED2-4F91-9686-1621AA447B7C}.Release|Any CPU.ActiveCfg = Release|Any CPU
		{8D6A0080-8ED2-4F91-9686-1621AA447B7C}.Release|Any CPU.Build.0 = Release|Any CPU
	EndGlobalSection
	GlobalSection(SolutionProperties) = preSolution
		HideSolutionNode = FALSE
	EndGlobalSection
EndGlobal
